
Microsoft Visual Studio Solution File, Format Version 12.00
# Visual Studio Version 17
VisualStudioVersion = 17.10.35027.167
MinimumVisualStudioVersion = 10.0.40219.1
Project("{9A19103F-16F7-4668-BE54-9A1E7A4F7556}") = "Navbot.RealtimeApi.Dotnet.SDK.Core", "Navbot.RealtimeApi.Dotnet.SDK\Navbot.RealtimeApi.Dotnet.SDK.Core\Navbot.RealtimeApi.Dotnet.SDK.Core.csproj", "{37424DF4-5691-40BB-80F4-1A98C641B6C4}"
EndProject
Project("{9A19103F-16F7-4668-BE54-9A1E7A4F7556}") = "Navbot.RealtimeApi.Dotnet.SDK.WPF.Debug", "Navbot.RealtimeApi.Dotnet.SDK\Navbot.RealtimeApi.Dotnet.SDK.WPF\Navbot.RealtimeApi.Dotnet.SDK.WPF.Debug.csproj", "{7269B452-45B0-4822-A1DF-77F121F142AE}"
EndProject
Project("{9A19103F-16F7-4668-BE54-9A1E7A4F7556}") = "Navbot.RealtimeApi.Dotnet.SDK.WPF.Sample.Debug", "Navbot.RealtimeApi.Dotnet.SDK\Navbot.RealtimeApi.Dotnet.SDK.WPF.Sample\Navbot.RealtimeApi.Dotnet.SDK.WPF.Sample.Debug.csproj", "{6C4AD3B4-625C-4FA2-BA9F-6E76C93819BC}"
EndProject
Global
	GlobalSection(SolutionConfigurationPlatforms) = preSolution
		Debug|Any CPU = Debug|Any CPU
		Release|Any CPU = Release|Any CPU
	EndGlobalSection
	GlobalSection(ProjectConfigurationPlatforms) = postSolution
		{37424DF4-5691-40BB-80F4-1A98C641B6C4}.Debug|Any CPU.ActiveCfg = Debug|Any CPU
		{37424DF4-5691-40BB-80F4-1A98C641B6C4}.Debug|Any CPU.Build.0 = Debug|Any CPU
		{37424DF4-5691-40BB-80F4-1A98C641B6C4}.Release|Any CPU.ActiveCfg = Release|Any CPU
		{37424DF4-5691-40BB-80F4-1A98C641B6C4}.Release|Any CPU.Build.0 = Release|Any CPU
		{7269B452-45B0-4822-A1DF-77F121F142AE}.Debug|Any CPU.ActiveCfg = Debug|Any CPU
		{7269B452-45B0-4822-A1DF-77F121F142AE}.Debug|Any CPU.Build.0 = Debug|Any CPU
		{7269B452-45B0-4822-A1DF-77F121F142AE}.Release|Any CPU.ActiveCfg = Release|Any CPU
		{7269B452-45B0-4822-A1DF-77F121F142AE}.Release|Any CPU.Build.0 = Release|Any CPU
		{6C4AD3B4-625C-4FA2-BA9F-6E76C93819BC}.Debug|Any CPU.ActiveCfg = Debug|Any CPU
		{6C4AD3B4-625C-4FA2-BA9F-6E76C93819BC}.Debug|Any CPU.Build.0 = Debug|Any CPU
		{6C4AD3B4-625C-4FA2-BA9F-6E76C93819BC}.Release|Any CPU.ActiveCfg = Release|Any CPU
		{6C4AD3B4-625C-4FA2-BA9F-6E76C93819BC}.Release|Any CPU.Build.0 = Release|Any CPU
	EndGlobalSection
	GlobalSection(SolutionProperties) = preSolution
		HideSolutionNode = FALSE
	EndGlobalSection
	GlobalSection(ExtensibilityGlobals) = postSolution
		SolutionGuid = {88F608B8-7946-421D-AE8E-625CED4A5BEA}
	EndGlobalSection
EndGlobal
