
Microsoft Visual Studio Solution File, Format Version 12.00
# Visual Studio Version 17
VisualStudioVersion = 17.10.35027.167
MinimumVisualStudioVersion = 10.0.40219.1
Project("{9A19103F-16F7-4668-BE54-9A1E7A4F7556}") = "Realtime.API.Dotnet.SDK.Core", "Realtime.API.DotNet.SDK\Realtime.API.Dotnet.SDK.Core\Realtime.API.Dotnet.SDK.Core.csproj", "{482BB14C-8604-4FF7-A4FF-B722EF63EA7F}"
EndProject
Project("{9A19103F-16F7-4668-BE54-9A1E7A4F7556}") = "Realtime.API.Dotnet.SDK.WPF", "Realtime.API.DotNet.SDK\Realtime.API.Dotnet.SDK.WPF\Realtime.API.Dotnet.SDK.WPF.csproj", "{4AE0557F-4EDE-49D0-986F-7751C2AFBE5F}"
EndProject
Project("{9A19103F-16F7-4668-BE54-9A1E7A4F7556}") = "Realtime.API.Dotnet.SDK.WPF.Sample", "Realtime.API.DotNet.SDK\Realtime.API.Dotnet.SDK.WPF.Sample\Realtime.API.Dotnet.SDK.WPF.Sample.csproj", "{B6087FDE-C69A-4359-8F17-1D187F44BD86}"
EndProject
Project("{9A19103F-16F7-4668-BE54-9A1E7A4F7556}") = "Realtime.API.Dotnet.SDK.Desktop", "Realtime.API.Dotnet.SDK.Desktop\Realtime.API.Dotnet.SDK.Desktop.csproj", "{006E857D-82C8-4C8C-BBC3-55F36B700F7E}"
EndProject
Global
	GlobalSection(SolutionConfigurationPlatforms) = preSolution
		Debug|Any CPU = Debug|Any CPU
		Release|Any CPU = Release|Any CPU
	EndGlobalSection
	GlobalSection(ProjectConfigurationPlatforms) = postSolution
		{482BB14C-8604-4FF7-A4FF-B722EF63EA7F}.Debug|Any CPU.ActiveCfg = Debug|Any CPU
		{482BB14C-8604-4FF7-A4FF-B722EF63EA7F}.Debug|Any CPU.Build.0 = Debug|Any CPU
		{482BB14C-8604-4FF7-A4FF-B722EF63EA7F}.Release|Any CPU.ActiveCfg = Release|Any CPU
		{482BB14C-8604-4FF7-A4FF-B722EF63EA7F}.Release|Any CPU.Build.0 = Release|Any CPU
		{4AE0557F-4EDE-49D0-986F-7751C2AFBE5F}.Debug|Any CPU.ActiveCfg = Debug|Any CPU
		{4AE0557F-4EDE-49D0-986F-7751C2AFBE5F}.Debug|Any CPU.Build.0 = Debug|Any CPU
		{4AE0557F-4EDE-49D0-986F-7751C2AFBE5F}.Release|Any CPU.ActiveCfg = Release|Any CPU
		{4AE0557F-4EDE-49D0-986F-7751C2AFBE5F}.Release|Any CPU.Build.0 = Release|Any CPU
		{B6087FDE-C69A-4359-8F17-1D187F44BD86}.Debug|Any CPU.ActiveCfg = Debug|Any CPU
		{B6087FDE-C69A-4359-8F17-1D187F44BD86}.Debug|Any CPU.Build.0 = Debug|Any CPU
		{B6087FDE-C69A-4359-8F17-1D187F44BD86}.Release|Any CPU.ActiveCfg = Release|Any CPU
		{B6087FDE-C69A-4359-8F17-1D187F44BD86}.Release|Any CPU.Build.0 = Release|Any CPU
		{006E857D-82C8-4C8C-BBC3-55F36B700F7E}.Debug|Any CPU.ActiveCfg = Debug|Any CPU
		{006E857D-82C8-4C8C-BBC3-55F36B700F7E}.Debug|Any CPU.Build.0 = Debug|Any CPU
		{006E857D-82C8-4C8C-BBC3-55F36B700F7E}.Release|Any CPU.ActiveCfg = Release|Any CPU
		{006E857D-82C8-4C8C-BBC3-55F36B700F7E}.Release|Any CPU.Build.0 = Release|Any CPU
	EndGlobalSection
	GlobalSection(SolutionProperties) = preSolution
		HideSolutionNode = FALSE
	EndGlobalSection
	GlobalSection(ExtensibilityGlobals) = postSolution
		SolutionGuid = {88F608B8-7946-421D-AE8E-625CED4A5BEA}
	EndGlobalSection
EndGlobal
